
Microsoft Visual Studio Solution File, Format Version 12.00
# Visual Studio Version 16
VisualStudioVersion = 16.0.31515.178
MinimumVisualStudioVersion = 10.0.40219.1
Project("{FAE04EC0-301F-11D3-BF4B-00C04F79EFBC}") = "Home_work_7", "Home_work_7.csproj", "{F400251F-6468-44A5-AC2B-D7BCF35E9368}"
EndProject
Global
	GlobalSection(SolutionConfigurationPlatforms) = preSolution
		Debug|Any CPU = Debug|Any CPU
		Release|Any CPU = Release|Any CPU
	EndGlobalSection
	GlobalSection(ProjectConfigurationPlatforms) = postSolution
		{F400251F-6468-44A5-AC2B-D7BCF35E9368}.Debug|Any CPU.ActiveCfg = Debug|Any CPU
		{F400251F-6468-44A5-AC2B-D7BCF35E9368}.Debug|Any CPU.Build.0 = Debug|Any CPU
		{F400251F-6468-44A5-AC2B-D7BCF35E9368}.Release|Any CPU.ActiveCfg = Release|Any CPU
		{F400251F-6468-44A5-AC2B-D7BCF35E9368}.Release|Any CPU.Build.0 = Release|Any CPU
	EndGlobalSection
	GlobalSection(SolutionProperties) = preSolution
		HideSolutionNode = FALSE
	EndGlobalSection
	GlobalSection(ExtensibilityGlobals) = postSolution
		SolutionGuid = {0A587D1D-2EFC-4C59-9151-EB44593FE8DA}
	EndGlobalSection
EndGlobal
